
Microsoft Visual Studio Solution File, Format Version 12.00
# Visual Studio Version 17
VisualStudioVersion = 17.13.35828.75
MinimumVisualStudioVersion = 10.0.40219.1
Project("{8BC9CEB8-8B4A-11D0-8D11-00A0C91BC942}") = "A81415", "src\A81415\A81415.vcxproj", "{84EE18F9-3F6C-44DD-B9EC-D8D4C4B9E56D}"
EndProject
Global
	GlobalSection(SolutionConfigurationPlatforms) = preSolution
		Debug|x86 = Debug|x86
	EndGlobalSection
	GlobalSection(ProjectConfigurationPlatforms) = postSolution
		{84EE18F9-3F6C-44DD-B9EC-D8D4C4B9E56D}.Debug|x86.ActiveCfg = Debug|Win32
		{84EE18F9-3F6C-44DD-B9EC-D8D4C4B9E56D}.Debug|x86.Build.0 = Debug|Win32
	EndGlobalSection
	GlobalSection(SolutionProperties) = preSolution
		HideSolutionNode = FALSE
	EndGlobalSection
	GlobalSection(ExtensibilityGlobals) = postSolution
		SolutionGuid = {A0EB05CE-0099-4984-8769-897E8B2C5291}
	EndGlobalSection
EndGlobal
